
Microsoft Visual Studio Solution File, Format Version 12.00
# Visual Studio Version 16
VisualStudioVersion = 16.0.29306.81
MinimumVisualStudioVersion = 10.0.40219.1
Project("{9A19103F-16F7-4668-BE54-9A1E7A4F7556}") = "ServerlessRequestBin.DurableFunctions", "src\ServerlessRequestBin.DurableFunctions\ServerlessRequestBin.DurableFunctions.csproj", "{037B2E98-EA21-4992-A63E-5615FDEA1860}"
EndProject
Project("{2150E333-8FDC-42A3-9474-1A3956D46DE8}") = "src", "src", "{7212E136-17D1-4012-99FE-B1E8C3DA3E1D}"
EndProject
Project("{2150E333-8FDC-42A3-9474-1A3956D46DE8}") = "Solution Items", "Solution Items", "{6E409A3B-F01F-4994-9093-2AA836EDFB70}"
	ProjectSection(SolutionItems) = preProject
		azuredeploy.json = azuredeploy.json
		azuredeploy.parameters.json = azuredeploy.parameters.json
		Deploy-AzureResourceGroup.ps1 = Deploy-AzureResourceGroup.ps1
		LICENSE = LICENSE
		README.md = README.md
	EndProjectSection
EndProject
Global
	GlobalSection(SolutionConfigurationPlatforms) = preSolution
		Debug|Any CPU = Debug|Any CPU
		Release|Any CPU = Release|Any CPU
	EndGlobalSection
	GlobalSection(ProjectConfigurationPlatforms) = postSolution
		{037B2E98-EA21-4992-A63E-5615FDEA1860}.Debug|Any CPU.ActiveCfg = Debug|Any CPU
		{037B2E98-EA21-4992-A63E-5615FDEA1860}.Debug|Any CPU.Build.0 = Debug|Any CPU
		{037B2E98-EA21-4992-A63E-5615FDEA1860}.Release|Any CPU.ActiveCfg = Release|Any CPU
		{037B2E98-EA21-4992-A63E-5615FDEA1860}.Release|Any CPU.Build.0 = Release|Any CPU
	EndGlobalSection
	GlobalSection(SolutionProperties) = preSolution
		HideSolutionNode = FALSE
	EndGlobalSection
	GlobalSection(NestedProjects) = preSolution
		{037B2E98-EA21-4992-A63E-5615FDEA1860} = {7212E136-17D1-4012-99FE-B1E8C3DA3E1D}
	EndGlobalSection
	GlobalSection(ExtensibilityGlobals) = postSolution
		SolutionGuid = {6B319D84-263D-4D2B-BF60-605595B8883D}
	EndGlobalSection
EndGlobal
